
Microsoft Visual Studio Solution File, Format Version 12.00
# Visual Studio 14
VisualStudioVersion = 14.0.25420.1
MinimumVisualStudioVersion = 10.0.40219.1
Project("{FAE04EC0-301F-11D3-BF4B-00C04F79EFBC}") = "SampleDataBinding", "SampleDataBinding\SampleDataBinding.csproj", "{A0564806-8E02-40A5-98E0-536E0FB2B2DD}"
EndProject
Global
	GlobalSection(SolutionConfigurationPlatforms) = preSolution
		Debug|Any CPU = Debug|Any CPU
		Release|Any CPU = Release|Any CPU
	EndGlobalSection
	GlobalSection(ProjectConfigurationPlatforms) = postSolution
		{A0564806-8E02-40A5-98E0-536E0FB2B2DD}.Debug|Any CPU.ActiveCfg = Debug|Any CPU
		{A0564806-8E02-40A5-98E0-536E0FB2B2DD}.Debug|Any CPU.Build.0 = Debug|Any CPU
		{A0564806-8E02-40A5-98E0-536E0FB2B2DD}.Release|Any CPU.ActiveCfg = Release|Any CPU
		{A0564806-8E02-40A5-98E0-536E0FB2B2DD}.Release|Any CPU.Build.0 = Release|Any CPU
	EndGlobalSection
	GlobalSection(SolutionProperties) = preSolution
		HideSolutionNode = FALSE
	EndGlobalSection
EndGlobal
